{
  "name": "system-lens",
  "version": "0.1.0",
  "lockfileVersion": 3,
  "requires": true,
  "packages": {
    "": {
      "name": "system-lens",
      "version": "0.1.0",
      "workspaces": [
        "apps/*",
        "packages/*"
      ],
      "devDependencies": {
        "@types/node": "^22.15.3",
        "typescript": "^5.8.3"
      }
    },
    "apps/desktop": {
      "name": "@system-lens/desktop",
      "version": "0.1.0",
      "dependencies": {
        "@system-lens/ai-assistant": "file:../../packages/ai-assistant",
        "@system-lens/automation": "file:../../packages/automation",
        "@system-lens/indexer": "file:../../packages/indexer",
        "@system-lens/safety": "file:../../packages/safety",
        "@system-lens/search": "file:../../packages/search",
        "@system-lens/shared-db": "file:../../packages/shared-db",
        "@system-lens/system-insights": "file:../../packages/system-insights"
      }
    },
    "node_modules/@system-lens/ai-assistant": {
      "resolved": "packages/ai-assistant",
      "link": true
    },
    "node_modules/@system-lens/automation": {
      "resolved": "packages/automation",
      "link": true
    },
    "node_modules/@system-lens/desktop": {
      "resolved": "apps/desktop",
      "link": true
    },
    "node_modules/@system-lens/indexer": {
      "resolved": "packages/indexer",
      "link": true
    },
    "node_modules/@system-lens/safety": {
      "resolved": "packages/safety",
      "link": true
    },
    "node_modules/@system-lens/search": {
      "resolved": "packages/search",
      "link": true
    },
    "node_modules/@system-lens/shared-db": {
      "resolved": "packages/shared-db",
      "link": true
    },
    "node_modules/@system-lens/system-insights": {
      "resolved": "packages/system-insights",
      "link": true
    },
    "node_modules/@types/node": {
      "version": "22.19.17",
      "resolved": "https://registry.npmjs.org/@types/node/-/node-22.19.17.tgz",
      "integrity": "sha512-wGdMcf+vPYM6jikpS/qhg6WiqSV/OhG+jeeHT/KlVqxYfD40iYJf9/AE1uQxVWFvU7MipKRkRv8NSHiCGgPr8Q==",
      "dev": true,
      "license": "MIT",
      "dependencies": {
        "undici-types": "~6.21.0"
      }
    },
    "node_modules/@types/node/node_modules/undici-types": {
      "version": "6.21.0",
      "resolved": "https://registry.npmjs.org/undici-types/-/undici-types-6.21.0.tgz",
      "integrity": "sha512-iwDZqg0QAGrg9Rav5H4n0M64c3mkR59cJ6wQp+7C4nI0gsmExaedaYLNO44eT4AtBBwjbTiGPMlt2Md0T9H9JQ==",
      "dev": true,
      "license": "MIT"
    },
    "node_modules/typescript": {
      "version": "5.9.3",
      "resolved": "https://registry.npmjs.org/typescript/-/typescript-5.9.3.tgz",
      "integrity": "sha512-jl1vZzPDinLr9eUt3J/t7V6FgNEw9QjvBPdysz9KfQDD41fQrC2Y4vKQdiaUpFT4bXlb1RHhLpp8wtm6M5TgSw==",
      "dev": true,
      "license": "Apache-2.0",
      "bin": {
        "tsc": "bin/tsc",
        "tsserver": "bin/tsserver"
      },
      "engines": {
        "node": ">=14.17"
      }
    },
    "packages/ai-assistant": {
      "name": "@system-lens/ai-assistant",
      "version": "0.1.0",
      "dependencies": {
        "@system-lens/search": "file:../search",
        "@system-lens/shared-db": "file:../shared-db",
        "@system-lens/system-insights": "file:../system-insights"
      }
    },
    "packages/automation": {
      "name": "@system-lens/automation",
      "version": "0.1.0",
      "dependencies": {
        "@system-lens/safety": "file:../safety",
        "@system-lens/shared-db": "file:../shared-db"
      }
    },
    "packages/indexer": {
      "name": "@system-lens/indexer",
      "version": "0.1.0",
      "dependencies": {
        "@system-lens/shared-db": "file:../shared-db"
      }
    },
    "packages/safety": {
      "name": "@system-lens/safety",
      "version": "0.1.0",
      "dependencies": {
        "@system-lens/shared-db": "file:../shared-db"
      }
    },
    "packages/search": {
      "name": "@system-lens/search",
      "version": "0.1.0",
      "dependencies": {
        "@system-lens/shared-db": "file:../shared-db"
      }
    },
    "packages/shared-db": {
      "name": "@system-lens/shared-db",
      "version": "0.1.0"
    },
    "packages/system-insights": {
      "name": "@system-lens/system-insights",
      "version": "0.1.0",
      "dependencies": {
        "@system-lens/shared-db": "file:../shared-db"
      }
    }
  }
}
